
Microsoft Visual Studio Solution File, Format Version 12.00
# Visual Studio Version 17
VisualStudioVersion = 17.14.36518.9 d17.14
MinimumVisualStudioVersion = 10.0.40219.1
Project("{FAE04EC0-301F-11D3-BF4B-00C04F79EFBC}") = "Bagile.Domain", "Bagile.Domain\Bagile.Domain.csproj", "{4DF1140A-D58F-49DD-AA7A-F1A97BB966C9}"
EndProject
Project("{FAE04EC0-301F-11D3-BF4B-00C04F79EFBC}") = "Bagile.Application", "Bagile.Application\Bagile.Application.csproj", "{AC68A9B2-7F10-4AA6-8098-61DF98D2E466}"
EndProject
Project("{FAE04EC0-301F-11D3-BF4B-00C04F79EFBC}") = "Bagile.Infrastructure", "Bagile.Infrastructure\Bagile.Infrastructure.csproj", "{2734EBF5-9A3C-4E09-B85D-69340CD5C96F}"
EndProject
Project("{FAE04EC0-301F-11D3-BF4B-00C04F79EFBC}") = "Bagile.api", "Bagile.api\Bagile.api.csproj", "{A20C2EEE-0B3C-4580-B298-A2D208B05E2C}"
EndProject
Project("{FAE04EC0-301F-11D3-BF4B-00C04F79EFBC}") = "Bagile.EtlService", "Bagile.EtlService\Bagile.EtlService.csproj", "{0E5B8B74-CAB7-45FE-BCE8-35D3D0962A88}"
EndProject
Project("{2150E333-8FDC-42A3-9474-1A3956D46DE8}") = "Tests", "Tests", "{02EA681E-C7D8-13C7-8484-4AC65E1B71E8}"
EndProject
Project("{2150E333-8FDC-42A3-9474-1A3956D46DE8}") = "db", "db", "{9657352C-467B-43D0-988E-673241ECB436}"
EndProject
Project("{2150E333-8FDC-42A3-9474-1A3956D46DE8}") = "migrations", "migrations", "{6386DA17-2EA1-4415-A7D2-976B084871CC}"
	ProjectSection(SolutionItems) = preProject
		..\db\migrations\001_schema.sql = ..\db\migrations\001_schema.sql
		..\db\migrations\010_raw_orders.sql = ..\db\migrations\010_raw_orders.sql
		..\db\migrations\020_students.sql = ..\db\migrations\020_students.sql
		..\db\migrations\021_courses.sql = ..\db\migrations\021_courses.sql
		..\db\migrations\022_orders.sql = ..\db\migrations\022_orders.sql
		..\db\migrations\023_order_lines.sql = ..\db\migrations\023_order_lines.sql
		..\db\migrations\024_enrolments.sql = ..\db\migrations\024_enrolments.sql
		..\db\migrations\025_order_events.sql = ..\db\migrations\025_order_events.sql
		..\db\migrations\999_drop_all.sql = ..\db\migrations\999_drop_all.sql
	EndProjectSection
EndProject
Project("{FAE04EC0-301F-11D3-BF4B-00C04F79EFBC}") = "Bagile.UnitTests", "Tests\Bagile.UnitTests\Bagile.UnitTests.csproj", "{F4ABEAC4-6F69-AC7B-201A-CB73C58AA415}"
EndProject
Project("{FAE04EC0-301F-11D3-BF4B-00C04F79EFBC}") = "Bagile.IntegrationTests", "Tests\Bagile.IntegrationTests\Bagile.IntegrationTests.csproj", "{0BE98FC5-922F-8AE3-612C-B6068378087E}"
EndProject
Global
	GlobalSection(SolutionConfigurationPlatforms) = preSolution
		Debug|Any CPU = Debug|Any CPU
		Release|Any CPU = Release|Any CPU
	EndGlobalSection
	GlobalSection(ProjectConfigurationPlatforms) = postSolution
		{4DF1140A-D58F-49DD-AA7A-F1A97BB966C9}.Debug|Any CPU.ActiveCfg = Debug|Any CPU
		{4DF1140A-D58F-49DD-AA7A-F1A97BB966C9}.Debug|Any CPU.Build.0 = Debug|Any CPU
		{4DF1140A-D58F-49DD-AA7A-F1A97BB966C9}.Release|Any CPU.ActiveCfg = Release|Any CPU
		{4DF1140A-D58F-49DD-AA7A-F1A97BB966C9}.Release|Any CPU.Build.0 = Release|Any CPU
		{AC68A9B2-7F10-4AA6-8098-61DF98D2E466}.Debug|Any CPU.ActiveCfg = Debug|Any CPU
		{AC68A9B2-7F10-4AA6-8098-61DF98D2E466}.Debug|Any CPU.Build.0 = Debug|Any CPU
		{AC68A9B2-7F10-4AA6-8098-61DF98D2E466}.Release|Any CPU.ActiveCfg = Release|Any CPU
		{AC68A9B2-7F10-4AA6-8098-61DF98D2E466}.Release|Any CPU.Build.0 = Release|Any CPU
		{2734EBF5-9A3C-4E09-B85D-69340CD5C96F}.Debug|Any CPU.ActiveCfg = Debug|Any CPU
		{2734EBF5-9A3C-4E09-B85D-69340CD5C96F}.Debug|Any CPU.Build.0 = Debug|Any CPU
		{2734EBF5-9A3C-4E09-B85D-69340CD5C96F}.Release|Any CPU.ActiveCfg = Release|Any CPU
		{2734EBF5-9A3C-4E09-B85D-69340CD5C96F}.Release|Any CPU.Build.0 = Release|Any CPU
		{A20C2EEE-0B3C-4580-B298-A2D208B05E2C}.Debug|Any CPU.ActiveCfg = Debug|Any CPU
		{A20C2EEE-0B3C-4580-B298-A2D208B05E2C}.Debug|Any CPU.Build.0 = Debug|Any CPU
		{A20C2EEE-0B3C-4580-B298-A2D208B05E2C}.Release|Any CPU.ActiveCfg = Release|Any CPU
		{A20C2EEE-0B3C-4580-B298-A2D208B05E2C}.Release|Any CPU.Build.0 = Release|Any CPU
		{0E5B8B74-CAB7-45FE-BCE8-35D3D0962A88}.Debug|Any CPU.ActiveCfg = Debug|Any CPU
		{0E5B8B74-CAB7-45FE-BCE8-35D3D0962A88}.Debug|Any CPU.Build.0 = Debug|Any CPU
		{0E5B8B74-CAB7-45FE-BCE8-35D3D0962A88}.Release|Any CPU.ActiveCfg = Release|Any CPU
		{0E5B8B74-CAB7-45FE-BCE8-35D3D0962A88}.Release|Any CPU.Build.0 = Release|Any CPU
		{F4ABEAC4-6F69-AC7B-201A-CB73C58AA415}.Debug|Any CPU.ActiveCfg = Debug|Any CPU
		{F4ABEAC4-6F69-AC7B-201A-CB73C58AA415}.Debug|Any CPU.Build.0 = Debug|Any CPU
		{F4ABEAC4-6F69-AC7B-201A-CB73C58AA415}.Release|Any CPU.ActiveCfg = Release|Any CPU
		{F4ABEAC4-6F69-AC7B-201A-CB73C58AA415}.Release|Any CPU.Build.0 = Release|Any CPU
		{0BE98FC5-922F-8AE3-612C-B6068378087E}.Debug|Any CPU.ActiveCfg = Debug|Any CPU
		{0BE98FC5-922F-8AE3-612C-B6068378087E}.Debug|Any CPU.Build.0 = Debug|Any CPU
		{0BE98FC5-922F-8AE3-612C-B6068378087E}.Release|Any CPU.ActiveCfg = Release|Any CPU
		{0BE98FC5-922F-8AE3-612C-B6068378087E}.Release|Any CPU.Build.0 = Release|Any CPU
	EndGlobalSection
	GlobalSection(SolutionProperties) = preSolution
		HideSolutionNode = FALSE
	EndGlobalSection
	GlobalSection(NestedProjects) = preSolution
		{6386DA17-2EA1-4415-A7D2-976B084871CC} = {9657352C-467B-43D0-988E-673241ECB436}
		{F4ABEAC4-6F69-AC7B-201A-CB73C58AA415} = {02EA681E-C7D8-13C7-8484-4AC65E1B71E8}
		{0BE98FC5-922F-8AE3-612C-B6068378087E} = {02EA681E-C7D8-13C7-8484-4AC65E1B71E8}
	EndGlobalSection
	GlobalSection(ExtensibilityGlobals) = postSolution
		SolutionGuid = {4B834565-C004-4D9D-ACBB-71FD12E98EFB}
	EndGlobalSection
EndGlobal
